// !$*UTF8*$!
{
	archiveVersion = 1;
	classes = {
	};
	objectVersion = 56;
	objects = {

/* Begin PBXBuildFile section */
		ED37EBBA2BD0F709001FC5FD /* SAT_WordsApp.swift in Sources */ = {isa = PBXBuildFile; fileRef = ED37EBB92BD0F709001FC5FD /* SAT_WordsApp.swift */; };
		ED37EBBC2BD0F709001FC5FD /* ContentView.swift in Sources */ = {isa = PBXBuildFile; fileRef = ED37EBBB2BD0F709001FC5FD /* ContentView.swift */; };
		ED37EBBE2BD0F70A001FC5FD /* Assets.xcassets in Resources */ = {isa = PBXBuildFile; fileRef = ED37EBBD2BD0F70A001FC5FD /* Assets.xcassets */; };
		ED37EBC12BD0F70A001FC5FD /* Preview Assets.xcassets in Resources */ = {isa = PBXBuildFile; fileRef = ED37EBC02BD0F70A001FC5FD /* Preview Assets.xcassets */; };
		ED37EBCB2BD0F70A001FC5FD /* SAT_WordsTests.swift in Sources */ = {isa = PBXBuildFile; fileRef = ED37EBCA2BD0F70A001FC5FD /* SAT_WordsTests.swift */; };
		ED37EBD52BD0F70A001FC5FD /* SAT_WordsUITests.swift in Sources */ = {isa = PBXBuildFile; fileRef = ED37EBD42BD0F70A001FC5FD /* SAT_WordsUITests.swift */; };
		ED37EBD72BD0F70A001FC5FD /* SAT_WordsUITestsLaunchTests.swift in Sources */ = {isa = PBXBuildFile; fileRef = ED37EBD62BD0F70A001FC5FD /* SAT_WordsUITestsLaunchTests.swift */; };
/* End PBXBuildFile section */

/* Begin PBXContainerItemProxy section */
		ED37EBC72BD0F70A001FC5FD /* PBXContainerItemProxy */ = {
			isa = PBXContainerItemProxy;
			containerPortal = ED37EBAE2BD0F709001FC5FD /* Project object */;
			proxyType = 1;
			remoteGlobalIDString = ED37EBB52BD0F709001FC5FD;
			remoteInfo = SAT_Words;
		};
		ED37EBD12BD0F70A001FC5FD /* PBXContainerItemProxy */ = {
			isa = PBXContainerItemProxy;
			containerPortal = ED37EBAE2BD0F709001FC5FD /* Project object */;
			proxyType = 1;
			remoteGlobalIDString = ED37EBB52BD0F709001FC5FD;
			remoteInfo = SAT_Words;
		};
/* End PBXContainerItemProxy section */

/* Begin PBXFileReference section */
		ED37EBB62BD0F709001FC5FD /* SAT_Words.app */ = {isa = PBXFileReference; explicitFileType = wrapper.application; includeInIndex = 0; path = SAT_Words.app; sourceTree = BUILT_PRODUCTS_DIR; };
		ED37EBB92BD0F709001FC5FD /* SAT_WordsApp.swift */ = {isa = PBXFileReference; lastKnownFileType = sourcecode.swift; path = SAT_WordsApp.swift; sourceTree = "<group>"; };
		ED37EBBB2BD0F709001FC5FD /* ContentView.swift */ = {isa = PBXFileReference; lastKnownFileType = sourcecode.swift; path = ContentView.swift; sourceTree = "<group>"; };
		ED37EBBD2BD0F70A001FC5FD /* Assets.xcassets */ = {isa = PBXFileReference; lastKnownFileType = folder.assetcatalog; path = Assets.xcassets; sourceTree = "<group>"; };
		ED37EBC02BD0F70A001FC5FD /* Preview Assets.xcassets */ = {isa = PBXFileReference; lastKnownFileType = folder.assetcatalog; path = "Preview Assets.xcassets"; sourceTree = "<group>"; };
		ED37EBC62BD0F70A001FC5FD /* SAT_WordsTests.xctest */ = {isa = PBXFileReference; explicitFileType = wrapper.cfbundle; includeInIndex = 0; path = SAT_WordsTests.xctest; sourceTree = BUILT_PRODUCTS_DIR; };
		ED37EBCA2BD0F70A001FC5FD /* SAT_WordsTests.swift */ = {isa = PBXFileReference; lastKnownFileType = sourcecode.swift; path = SAT_WordsTests.swift; sourceTree = "<group>"; };
		ED37EBD02BD0F70A001FC5FD /* SAT_WordsUITests.xctest */ = {isa = PBXFileReference; explicitFileType = wrapper.cfbundle; includeInIndex = 0; path = SAT_WordsUITests.xctest; sourceTree = BUILT_PRODUCTS_DIR; };
		ED37EBD42BD0F70A001FC5FD /* SAT_WordsUITests.swift */ = {isa = PBXFileReference; lastKnownFileType = sourcecode.swift; path = SAT_WordsUITests.swift; sourceTree = "<group>"; };
		ED37EBD62BD0F70A001FC5FD /* SAT_WordsUITestsLaunchTests.swift */ = {isa = PBXFileReference; lastKnownFileType = sourcecode.swift; path = SAT_WordsUITestsLaunchTests.swift; sourceTree = "<group>"; };
/* End PBXFileReference section */

/* Begin PBXFrameworksBuildPhase section */
		ED37EBB32BD0F709001FC5FD /* Frameworks */ = {
			isa = PBXFrameworksBuildPhase;
			buildActionMask = 2147483647;
			files = (
			);
			runOnlyForDeploymentPostprocessing = 0;
		};
		ED37EBC32BD0F70A001FC5FD /* Frameworks */ = {
			isa = PBXFrameworksBuildPhase;
			buildActionMask = 2147483647;
			files = (
			);
			runOnlyForDeploymentPostprocessing = 0;
		};
		ED37EBCD2BD0F70A001FC5FD /* Frameworks */ = {
			isa = PBXFrameworksBuildPhase;
			buildActionMask = 2147483647;
			files = (
			);
			runOnlyForDeploymentPostprocessing = 0;
		};
/* End PBXFrameworksBuildPhase section */

/* Begin PBXGroup section */
		ED37EBAD2BD0F709001FC5FD = {
			isa = PBXGroup;
			children = (
				ED37EBB82BD0F709001FC5FD /* SAT_Words */,
				ED37EBC92BD0F70A001FC5FD /* SAT_WordsTests */,
				ED37EBD32BD0F70A001FC5FD /* SAT_WordsUITests */,
				ED37EBB72BD0F709001FC5FD /* Products */,
			);
			sourceTree = "<group>";
		};
		ED37EBB72BD0F709001FC5FD /* Products */ = {
			isa = PBXGroup;
			children = (
				ED37EBB62BD0F709001FC5FD /* SAT_Words.app */,
				ED37EBC62BD0F70A001FC5FD /* SAT_WordsTests.xctest */,
				ED37EBD02BD0F70A001FC5FD /* SAT_WordsUITests.xctest */,
			);
			name = Products;
			sourceTree = "<group>";
		};
		ED37EBB82BD0F709001FC5FD /* SAT_Words */ = {
			isa = PBXGroup;
			children = (
				ED37EBB92BD0F709001FC5FD /* SAT_WordsApp.swift */,
				ED37EBBB2BD0F709001FC5FD /* ContentView.swift */,
				ED37EBBD2BD0F70A001FC5FD /* Assets.xcassets */,
				ED37EBBF2BD0F70A001FC5FD /* Preview Content */,
			);
			path = SAT_Words;
			sourceTree = "<group>";
		};
		ED37EBBF2BD0F70A001FC5FD /* Preview Content */ = {
			isa = PBXGroup;
			children = (
				ED37EBC02BD0F70A001FC5FD /* Preview Assets.xcassets */,
			);
			path = "Preview Content";
			sourceTree = "<group>";
		};
		ED37EBC92BD0F70A001FC5FD /* SAT_WordsTests */ = {
			isa = PBXGroup;
			children = (
				ED37EBCA2BD0F70A001FC5FD /* SAT_WordsTests.swift */,
			);
			path = SAT_WordsTests;
			sourceTree = "<group>";
		};
		ED37EBD32BD0F70A001FC5FD /* SAT_WordsUITests */ = {
			isa = PBXGroup;
			children = (
				ED37EBD42BD0F70A001FC5FD /* SAT_WordsUITests.swift */,
				ED37EBD62BD0F70A001FC5FD /* SAT_WordsUITestsLaunchTests.swift */,
			);
			path = SAT_WordsUITests;
			sourceTree = "<group>";
		};
/* End PBXGroup section */

/* Begin PBXNativeTarget section */
		ED37EBB52BD0F709001FC5FD /* SAT_Words */ = {
			isa = PBXNativeTarget;
			buildConfigurationList = ED37EBDA2BD0F70A001FC5FD /* Build configuration list for PBXNativeTarget "SAT_Words" */;
			buildPhases = (
				ED37EBB22BD0F709001FC5FD /* Sources */,
				ED37EBB32BD0F709001FC5FD /* Frameworks */,
				ED37EBB42BD0F709001FC5FD /* Resources */,
			);
			buildRules = (
			);
			dependencies = (
			);
			name = SAT_Words;
			productName = SAT_Words;
			productReference = ED37EBB62BD0F709001FC5FD /* SAT_Words.app */;
			productType = "com.apple.product-type.application";
		};
		ED37EBC52BD0F70A001FC5FD /* SAT_WordsTests */ = {
			isa = PBXNativeTarget;
			buildConfigurationList = ED37EBDD2BD0F70A001FC5FD /* Build configuration list for PBXNativeTarget "SAT_WordsTests" */;
			buildPhases = (
				ED37EBC22BD0F70A001FC5FD /* Sources */,
				ED37EBC32BD0F70A001FC5FD /* Frameworks */,
				ED37EBC42BD0F70A001FC5FD /* Resources */,
			);
			buildRules = (
			);
			dependencies = (
				ED37EBC82BD0F70A001FC5FD /* PBXTargetDependency */,
			);
			name = SAT_WordsTests;
			productName = SAT_WordsTests;
			productReference = ED37EBC62BD0F70A001FC5FD /* SAT_WordsTests.xctest */;
			productType = "com.apple.product-type.bundle.unit-test";
		};
		ED37EBCF2BD0F70A001FC5FD /* SAT_WordsUITests */ = {
			isa = PBXNativeTarget;
			buildConfigurationList = ED37EBE02BD0F70A001FC5FD /* Build configuration list for PBXNativeTarget "SAT_WordsUITests" */;
			buildPhases = (
				ED37EBCC2BD0F70A001FC5FD /* Sources */,
				ED37EBCD2BD0F70A001FC5FD /* Frameworks */,
				ED37EBCE2BD0F70A001FC5FD /* Resources */,
			);
			buildRules = (
			);
			dependencies = (
				ED37EBD22BD0F70A001FC5FD /* PBXTargetDependency */,
			);
			name = SAT_WordsUITests;
			productName = SAT_WordsUITests;
			productReference = ED37EBD02BD0F70A001FC5FD /* SAT_WordsUITests.xctest */;
			productType = "com.apple.product-type.bundle.ui-testing";
		};
/* End PBXNativeTarget section */

/* Begin PBXProject section */
		ED37EBAE2BD0F709001FC5FD /* Project object */ = {
			isa = PBXProject;
			attributes = {
				BuildIndependentTargetsInParallel = 1;
				LastSwiftUpdateCheck = 1530;
				LastUpgradeCheck = 1530;
				TargetAttributes = {
					ED37EBB52BD0F709001FC5FD = {
						CreatedOnToolsVersion = 15.3;
					};
					ED37EBC52BD0F70A001FC5FD = {
						CreatedOnToolsVersion = 15.3;
						TestTargetID = ED37EBB52BD0F709001FC5FD;
					};
					ED37EBCF2BD0F70A001FC5FD = {
						CreatedOnToolsVersion = 15.3;
						TestTargetID = ED37EBB52BD0F709001FC5FD;
					};
				};
			};
			buildConfigurationList = ED37EBB12BD0F709001FC5FD /* Build configuration list for PBXProject "SAT_Words" */;
			compatibilityVersion = "Xcode 14.0";
			developmentRegion = en;
			hasScannedForEncodings = 0;
			knownRegions = (
				en,
				Base,
			);
			mainGroup = ED37EBAD2BD0F709001FC5FD;
			productRefGroup = ED37EBB72BD0F709001FC5FD /* Products */;
			projectDirPath = "";
			projectRoot = "";
			targets = (
				ED37EBB52BD0F709001FC5FD /* SAT_Words */,
				ED37EBC52BD0F70A001FC5FD /* SAT_WordsTests */,
				ED37EBCF2BD0F70A001FC5FD /* SAT_WordsUITests */,
			);
		};
/* End PBXProject section */

/* Begin PBXResourcesBuildPhase section */
		ED37EBB42BD0F709001FC5FD /* Resources */ = {
			isa = PBXResourcesBuildPhase;
			buildActionMask = 2147483647;
			files = (
				ED37EBC12BD0F70A001FC5FD /* Preview Assets.xcassets in Resources */,
				ED37EBBE2BD0F70A001FC5FD /* Assets.xcassets in Resources */,
			);
			runOnlyForDeploymentPostprocessing = 0;
		};
		ED37EBC42BD0F70A001FC5FD /* Resources */ = {
			isa = PBXResourcesBuildPhase;
			buildActionMask = 2147483647;
			files = (
			);
			runOnlyForDeploymentPostprocessing = 0;
		};
		ED37EBCE2BD0F70A001FC5FD /* Resources */ = {
			isa = PBXResourcesBuildPhase;
			buildActionMask = 2147483647;
			files = (
			);
			runOnlyForDeploymentPostprocessing = 0;
		};
/* End PBXResourcesBuildPhase section */

/* Begin PBXSourcesBuildPhase section */
		ED37EBB22BD0F709001FC5FD /* Sources */ = {
			isa = PBXSourcesBuildPhase;
			buildActionMask = 2147483647;
			files = (
				ED37EBBC2BD0F709001FC5FD /* ContentView.swift in Sources */,
				ED37EBBA2BD0F709001FC5FD /* SAT_WordsApp.swift in Sources */,
			);
			runOnlyForDeploymentPostprocessing = 0;
		};
		ED37EBC22BD0F70A001FC5FD /* Sources */ = {
			isa = PBXSourcesBuildPhase;
			buildActionMask = 2147483647;
			files = (
				ED37EBCB2BD0F70A001FC5FD /* SAT_WordsTests.swift in Sources */,
			);
			runOnlyForDeploymentPostprocessing = 0;
		};
		ED37EBCC2BD0F70A001FC5FD /* Sources */ = {
			isa = PBXSourcesBuildPhase;
			buildActionMask = 2147483647;
			files = (
				ED37EBD52BD0F70A001FC5FD /* SAT_WordsUITests.swift in Sources */,
				ED37EBD72BD0F70A001FC5FD /* SAT_WordsUITestsLaunchTests.swift in Sources */,
			);
			runOnlyForDeploymentPostprocessing = 0;
		};
/* End PBXSourcesBuildPhase section */

/* Begin PBXTargetDependency section */
		ED37EBC82BD0F70A001FC5FD /* PBXTargetDependency */ = {
			isa = PBXTargetDependency;
			target = ED37EBB52BD0F709001FC5FD /* SAT_Words */;
			targetProxy = ED37EBC72BD0F70A001FC5FD /* PBXContainerItemProxy */;
		};
		ED37EBD22BD0F70A001FC5FD /* PBXTargetDependency */ = {
			isa = PBXTargetDependency;
			target = ED37EBB52BD0F709001FC5FD /* SAT_Words */;
			targetProxy = ED37EBD12BD0F70A001FC5FD /* PBXContainerItemProxy */;
		};
/* End PBXTargetDependency section */

/* Begin XCBuildConfiguration section */
		ED37EBD82BD0F70A001FC5FD /* Debug */ = {
			isa = XCBuildConfiguration;
			buildSettings = {
				ALWAYS_SEARCH_USER_PATHS = NO;
				ASSETCATALOG_COMPILER_GENERATE_SWIFT_ASSET_SYMBOL_EXTENSIONS = YES;
				CLANG_ANALYZER_NONNULL = YES;
				CLANG_ANALYZER_NUMBER_OBJECT_CONVERSION = YES_AGGRESSIVE;
				CLANG_CXX_LANGUAGE_STANDARD = "gnu++20";
				CLANG_ENABLE_MODULES = YES;
				CLANG_ENABLE_OBJC_ARC = YES;
				CLANG_ENABLE_OBJC_WEAK = YES;
				CLANG_WARN_BLOCK_CAPTURE_AUTORELEASING = YES;
				CLANG_WARN_BOOL_CONVERSION = YES;
				CLANG_WARN_COMMA = YES;
				CLANG_WARN_CONSTANT_CONVERSION = YES;
				CLANG_WARN_DEPRECATED_OBJC_IMPLEMENTATIONS = YES;
				CLANG_WARN_DIRECT_OBJC_ISA_USAGE = YES_ERROR;
				CLANG_WARN_DOCUMENTATION_COMMENTS = YES;
				CLANG_WARN_EMPTY_BODY = YES;
				CLANG_WARN_ENUM_CONVERSION = YES;
				CLANG_WARN_INFINITE_RECURSION = YES;
				CLANG_WARN_INT_CONVERSION = YES;
				CLANG_WARN_NON_LITERAL_NULL_CONVERSION = YES;
				CLANG_WARN_OBJC_IMPLICIT_RETAIN_SELF = YES;
				CLANG_WARN_OBJC_LITERAL_CONVERSION = YES;
				CLANG_WARN_OBJC_ROOT_CLASS = YES_ERROR;
				CLANG_WARN_QUOTED_INCLUDE_IN_FRAMEWORK_HEADER = YES;
				CLANG_WARN_RANGE_LOOP_ANALYSIS = YES;
				CLANG_WARN_STRICT_PROTOTYPES = YES;
				CLANG_WARN_SUSPICIOUS_MOVE = YES;
				CLANG_WARN_UNGUARDED_AVAILABILITY = YES_AGGRESSIVE;
				CLANG_WARN_UNREACHABLE_CODE = YES;
				CLANG_WARN__DUPLICATE_METHOD_MATCH = YES;
				COPY_PHASE_STRIP = NO;
				DEBUG_INFORMATION_FORMAT = dwarf;
				ENABLE_STRICT_OBJC_MSGSEND = YES;
				ENABLE_TESTABILITY = YES;
				ENABLE_USER_SCRIPT_SANDBOXING = YES;
				GCC_C_LANGUAGE_STANDARD = gnu17;
				GCC_DYNAMIC_NO_PIC = NO;
				GCC_NO_COMMON_BLOCKS = YES;
				GCC_OPTIMIZATION_LEVEL = 0;
				GCC_PREPROCESSOR_DEFINITIONS = (
					"DEBUG=1",
					"$(inherited)",
				);
				GCC_WARN_64_TO_32_BIT_CONVERSION = YES;
				GCC_WARN_ABOUT_RETURN_TYPE = YES_ERROR;
				GCC_WARN_UNDECLARED_SELECTOR = YES;
				GCC_WARN_UNINITIALIZED_AUTOS = YES_AGGRESSIVE;
				GCC_WARN_UNUSED_FUNCTION = YES;
				GCC_WARN_UNUSED_VARIABLE = YES;
				IPHONEOS_DEPLOYMENT_TARGET = 17.4;
				LOCALIZATION_PREFERS_STRING_CATALOGS = YES;
				MTL_ENABLE_DEBUG_INFO = INCLUDE_SOURCE;
				MTL_FAST_MATH = YES;
				ONLY_ACTIVE_ARCH = YES;
				SDKROOT = iphoneos;
				SWIFT_ACTIVE_COMPILATION_CONDITIONS = "DEBUG $(inherited)";
				SWIFT_OPTIMIZATION_LEVEL = "-Onone";
			};
			name = Debug;
		};
		ED37EBD92BD0F70A001FC5FD /* Release */ = {
			isa = XCBuildConfiguration;
			buildSettings = {
				ALWAYS_SEARCH_USER_PATHS = NO;
				ASSETCATALOG_COMPILER_GENERATE_SWIFT_ASSET_SYMBOL_EXTENSIONS = YES;
				CLANG_ANALYZER_NONNULL = YES;
				CLANG_ANALYZER_NUMBER_OBJECT_CONVERSION = YES_AGGRESSIVE;
				CLANG_CXX_LANGUAGE_STANDARD = "gnu++20";
				CLANG_ENABLE_MODULES = YES;
				CLANG_ENABLE_OBJC_ARC = YES;
				CLANG_ENABLE_OBJC_WEAK = YES;
				CLANG_WARN_BLOCK_CAPTURE_AUTORELEASING = YES;
				CLANG_WARN_BOOL_CONVERSION = YES;
				CLANG_WARN_COMMA = YES;
				CLANG_WARN_CONSTANT_CONVERSION = YES;
				CLANG_WARN_DEPRECATED_OBJC_IMPLEMENTATIONS = YES;
				CLANG_WARN_DIRECT_OBJC_ISA_USAGE = YES_ERROR;
				CLANG_WARN_DOCUMENTATION_COMMENTS = YES;
				CLANG_WARN_EMPTY_BODY = YES;
				CLANG_WARN_ENUM_CONVERSION = YES;
				CLANG_WARN_INFINITE_RECURSION = YES;
				CLANG_WARN_INT_CONVERSION = YES;
				CLANG_WARN_NON_LITERAL_NULL_CONVERSION = YES;
				CLANG_WARN_OBJC_IMPLICIT_RETAIN_SELF = YES;
				CLANG_WARN_OBJC_LITERAL_CONVERSION = YES;
				CLANG_WARN_OBJC_ROOT_CLASS = YES_ERROR;
				CLANG_WARN_QUOTED_INCLUDE_IN_FRAMEWORK_HEADER = YES;
				CLANG_WARN_RANGE_LOOP_ANALYSIS = YES;
				CLANG_WARN_STRICT_PROTOTYPES = YES;
				CLANG_WARN_SUSPICIOUS_MOVE = YES;
				CLANG_WARN_UNGUARDED_AVAILABILITY = YES_AGGRESSIVE;
				CLANG_WARN_UNREACHABLE_CODE = YES;
				CLANG_WARN__DUPLICATE_METHOD_MATCH = YES;
				COPY_PHASE_STRIP = NO;
				DEBUG_INFORMATION_FORMAT = "dwarf-with-dsym";
				ENABLE_NS_ASSERTIONS = NO;
				ENABLE_STRICT_OBJC_MSGSEND = YES;
				ENABLE_USER_SCRIPT_SANDBOXING = YES;
				GCC_C_LANGUAGE_STANDARD = gnu17;
				GCC_NO_COMMON_BLOCKS = YES;
				GCC_WARN_64_TO_32_BIT_CONVERSION = YES;
				GCC_WARN_ABOUT_RETURN_TYPE = YES_ERROR;
				GCC_WARN_UNDECLARED_SELECTOR = YES;
				GCC_WARN_UNINITIALIZED_AUTOS = YES_AGGRESSIVE;
				GCC_WARN_UNUSED_FUNCTION = YES;
				GCC_WARN_UNUSED_VARIABLE = YES;
				IPHONEOS_DEPLOYMENT_TARGET = 17.4;
				LOCALIZATION_PREFERS_STRING_CATALOGS = YES;
				MTL_ENABLE_DEBUG_INFO = NO;
				MTL_FAST_MATH = YES;
				SDKROOT = iphoneos;
				SWIFT_COMPILATION_MODE = wholemodule;
				VALIDATE_PRODUCT = YES;
			};
			name = Release;
		};
		ED37EBDB2BD0F70A001FC5FD /* Debug */ = {
			isa = XCBuildConfiguration;
			buildSettings = {
				ASSETCATALOG_COMPILER_APPICON_NAME = AppIcon;
				ASSETCATALOG_COMPILER_GLOBAL_ACCENT_COLOR_NAME = AccentColor;
				CODE_SIGN_IDENTITY = "Apple Development";
				CODE_SIGN_STYLE = Automatic;
				CURRENT_PROJECT_VERSION = 1;
				DEVELOPMENT_ASSET_PATHS = "\"SAT_Words/Preview Content\"";
				DEVELOPMENT_TEAM = TW2UB9C7KC;
				ENABLE_PREVIEWS = YES;
				GENERATE_INFOPLIST_FILE = YES;
				INFOPLIST_KEY_UIApplicationSceneManifest_Generation = YES;
				INFOPLIST_KEY_UIApplicationSupportsIndirectInputEvents = YES;
				INFOPLIST_KEY_UILaunchScreen_Generation = YES;
				INFOPLIST_KEY_UISupportedInterfaceOrientations_iPad = "UIInterfaceOrientationPortrait UIInterfaceOrientationPortraitUpsideDown UIInterfaceOrientationLandscapeLeft UIInterfaceOrientationLandscapeRight";
				INFOPLIST_KEY_UISupportedInterfaceOrientations_iPhone = "UIInterfaceOrientationPortrait UIInterfaceOrientationLandscapeLeft UIInterfaceOrientationLandscapeRight";
				LD_RUNPATH_SEARCH_PATHS = (
					"$(inherited)",
					"@executable_path/Frameworks",
				);
				MARKETING_VERSION = 1.0;
				PRODUCT_BUNDLE_IDENTIFIER = "com.nh.b.SAT-Words";
				PRODUCT_NAME = "$(TARGET_NAME)";
				PROVISIONING_PROFILE_SPECIFIER = "";
				SWIFT_EMIT_LOC_STRINGS = YES;
				SWIFT_VERSION = 5.0;
				TARGETED_DEVICE_FAMILY = "1,2";
			};
			name = Debug;
		};
		ED37EBDC2BD0F70A001FC5FD /* Release */ = {
			isa = XCBuildConfiguration;
			buildSettings = {
				ASSETCATALOG_COMPILER_APPICON_NAME = AppIcon;
				ASSETCATALOG_COMPILER_GLOBAL_ACCENT_COLOR_NAME = AccentColor;
				CODE_SIGN_IDENTITY = "Apple Development";
				CODE_SIGN_STYLE = Automatic;
				CURRENT_PROJECT_VERSION = 1;
				DEVELOPMENT_ASSET_PATHS = "\"SAT_Words/Preview Content\"";
				DEVELOPMENT_TEAM = TW2UB9C7KC;
				ENABLE_PREVIEWS = YES;
				GENERATE_INFOPLIST_FILE = YES;
				INFOPLIST_KEY_UIApplicationSceneManifest_Generation = YES;
				INFOPLIST_KEY_UIApplicationSupportsIndirectInputEvents = YES;
				INFOPLIST_KEY_UILaunchScreen_Generation = YES;
				INFOPLIST_KEY_UISupportedInterfaceOrientations_iPad = "UIInterfaceOrientationPortrait UIInterfaceOrientationPortraitUpsideDown UIInterfaceOrientationLandscapeLeft UIInterfaceOrientationLandscapeRight";
				INFOPLIST_KEY_UISupportedInterfaceOrientations_iPhone = "UIInterfaceOrientationPortrait UIInterfaceOrientationLandscapeLeft UIInterfaceOrientationLandscapeRight";
				LD_RUNPATH_SEARCH_PATHS = (
					"$(inherited)",
					"@executable_path/Frameworks",
				);
				MARKETING_VERSION = 1.0;
				PRODUCT_BUNDLE_IDENTIFIER = "com.nh.b.SAT-Words";
				PRODUCT_NAME = "$(TARGET_NAME)";
				PROVISIONING_PROFILE_SPECIFIER = "";
				SWIFT_EMIT_LOC_STRINGS = YES;
				SWIFT_VERSION = 5.0;
				TARGETED_DEVICE_FAMILY = "1,2";
			};
			name = Release;
		};
		ED37EBDE2BD0F70A001FC5FD /* Debug */ = {
			isa = XCBuildConfiguration;
			buildSettings = {
				ALWAYS_EMBED_SWIFT_STANDARD_LIBRARIES = YES;
				BUNDLE_LOADER = "$(TEST_HOST)";
				CODE_SIGN_STYLE = Automatic;
				CURRENT_PROJECT_VERSION = 1;
				GENERATE_INFOPLIST_FILE = YES;
				IPHONEOS_DEPLOYMENT_TARGET = 17.4;
				MARKETING_VERSION = 1.0;
				PRODUCT_BUNDLE_IDENTIFIER = "nh.b.SAT-WordsTests";
				PRODUCT_NAME = "$(TARGET_NAME)";
				SWIFT_EMIT_LOC_STRINGS = NO;
				SWIFT_VERSION = 5.0;
				TARGETED_DEVICE_FAMILY = "1,2";
				TEST_HOST = "$(BUILT_PRODUCTS_DIR)/SAT_Words.app/$(BUNDLE_EXECUTABLE_FOLDER_PATH)/SAT_Words";
			};
			name = Debug;
		};
		ED37EBDF2BD0F70A001FC5FD /* Release */ = {
			isa = XCBuildConfiguration;
			buildSettings = {
				ALWAYS_EMBED_SWIFT_STANDARD_LIBRARIES = YES;
				BUNDLE_LOADER = "$(TEST_HOST)";
				CODE_SIGN_STYLE = Automatic;
				CURRENT_PROJECT_VERSION = 1;
				GENERATE_INFOPLIST_FILE = YES;
				IPHONEOS_DEPLOYMENT_TARGET = 17.4;
				MARKETING_VERSION = 1.0;
				PRODUCT_BUNDLE_IDENTIFIER = "nh.b.SAT-WordsTests";
				PRODUCT_NAME = "$(TARGET_NAME)";
				SWIFT_EMIT_LOC_STRINGS = NO;
				SWIFT_VERSION = 5.0;
				TARGETED_DEVICE_FAMILY = "1,2";
				TEST_HOST = "$(BUILT_PRODUCTS_DIR)/SAT_Words.app/$(BUNDLE_EXECUTABLE_FOLDER_PATH)/SAT_Words";
			};
			name = Release;
		};
		ED37EBE12BD0F70A001FC5FD /* Debug */ = {
			isa = XCBuildConfiguration;
			buildSettings = {
				ALWAYS_EMBED_SWIFT_STANDARD_LIBRARIES = YES;
				CODE_SIGN_STYLE = Automatic;
				CURRENT_PROJECT_VERSION = 1;
				GENERATE_INFOPLIST_FILE = YES;
				MARKETING_VERSION = 1.0;
				PRODUCT_BUNDLE_IDENTIFIER = "nh.b.SAT-WordsUITests";
				PRODUCT_NAME = "$(TARGET_NAME)";
				SWIFT_EMIT_LOC_STRINGS = NO;
				SWIFT_VERSION = 5.0;
				TARGETED_DEVICE_FAMILY = "1,2";
				TEST_TARGET_NAME = SAT_Words;
			};
			name = Debug;
		};
		ED37EBE22BD0F70A001FC5FD /* Release */ = {
			isa = XCBuildConfiguration;
			buildSettings = {
				ALWAYS_EMBED_SWIFT_STANDARD_LIBRARIES = YES;
				CODE_SIGN_STYLE = Automatic;
				CURRENT_PROJECT_VERSION = 1;
				GENERATE_INFOPLIST_FILE = YES;
				MARKETING_VERSION = 1.0;
				PRODUCT_BUNDLE_IDENTIFIER = "nh.b.SAT-WordsUITests";
				PRODUCT_NAME = "$(TARGET_NAME)";
				SWIFT_EMIT_LOC_STRINGS = NO;
				SWIFT_VERSION = 5.0;
				TARGETED_DEVICE_FAMILY = "1,2";
				TEST_TARGET_NAME = SAT_Words;
			};
			name = Release;
		};
/* End XCBuildConfiguration section */

/* Begin XCConfigurationList section */
		ED37EBB12BD0F709001FC5FD /* Build configuration list for PBXProject "SAT_Words" */ = {
			isa = XCConfigurationList;
			buildConfigurations = (
				ED37EBD82BD0F70A001FC5FD /* Debug */,
				ED37EBD92BD0F70A001FC5FD /* Release */,
			);
			defaultConfigurationIsVisible = 0;
			defaultConfigurationName = Release;
		};
		ED37EBDA2BD0F70A001FC5FD /* Build configuration list for PBXNativeTarget "SAT_Words" */ = {
			isa = XCConfigurationList;
			buildConfigurations = (
				ED37EBDB2BD0F70A001FC5FD /* Debug */,
				ED37EBDC2BD0F70A001FC5FD /* Release */,
			);
			defaultConfigurationIsVisible = 0;
			defaultConfigurationName = Release;
		};
		ED37EBDD2BD0F70A001FC5FD /* Build configuration list for PBXNativeTarget "SAT_WordsTests" */ = {
			isa = XCConfigurationList;
			buildConfigurations = (
				ED37EBDE2BD0F70A001FC5FD /* Debug */,
				ED37EBDF2BD0F70A001FC5FD /* Release */,
			);
			defaultConfigurationIsVisible = 0;
			defaultConfigurationName = Release;
		};
		ED37EBE02BD0F70A001FC5FD /* Build configuration list for PBXNativeTarget "SAT_WordsUITests" */ = {
			isa = XCConfigurationList;
			buildConfigurations = (
				ED37EBE12BD0F70A001FC5FD /* Debug */,
				ED37EBE22BD0F70A001FC5FD /* Release */,
			);
			defaultConfigurationIsVisible = 0;
			defaultConfigurationName = Release;
		};
/* End XCConfigurationList section */
	};
	rootObject = ED37EBAE2BD0F709001FC5FD /* Project object */;
}
